
Microsoft Visual Studio Solution File, Format Version 12.00
# Visual Studio Version 17
VisualStudioVersion = 17.9.34723.18
MinimumVisualStudioVersion = 10.0.40219.1
Project("{FAE04EC0-301F-11D3-BF4B-00C04F79EFBC}") = "DATN.MVC", "DATN.MVC\DATN.MVC.csproj", "{57978FD5-882E-492D-BA1D-CB0C9BD162A7}"
EndProject
Global
	GlobalSection(SolutionConfigurationPlatforms) = preSolution
		Debug|Any CPU = Debug|Any CPU
		Release|Any CPU = Release|Any CPU
	EndGlobalSection
	GlobalSection(ProjectConfigurationPlatforms) = postSolution
		{57978FD5-882E-492D-BA1D-CB0C9BD162A7}.Debug|Any CPU.ActiveCfg = Debug|Any CPU
		{57978FD5-882E-492D-BA1D-CB0C9BD162A7}.Debug|Any CPU.Build.0 = Debug|Any CPU
		{57978FD5-882E-492D-BA1D-CB0C9BD162A7}.Release|Any CPU.ActiveCfg = Release|Any CPU
		{57978FD5-882E-492D-BA1D-CB0C9BD162A7}.Release|Any CPU.Build.0 = Release|Any CPU
	EndGlobalSection
	GlobalSection(SolutionProperties) = preSolution
		HideSolutionNode = FALSE
	EndGlobalSection
	GlobalSection(ExtensibilityGlobals) = postSolution
		SolutionGuid = {70919444-46E7-4FF7-8984-814F552A889C}
	EndGlobalSection
EndGlobal
